
Microsoft Visual Studio Solution File, Format Version 12.00
# Visual Studio 15
VisualStudioVersion = 15.0.28307.421
MinimumVisualStudioVersion = 10.0.40219.1
Project("{FAE04EC0-301F-11D3-BF4B-00C04F79EFBC}") = "Ssdp.core", "Ssdp.core\Ssdp.core.csproj", "{D2FC517D-EFAD-44F0-A872-CA6ADCFB2659}"
EndProject
Project("{FAE04EC0-301F-11D3-BF4B-00C04F79EFBC}") = "client.core", "client.core\client.core.csproj", "{06791203-F8BD-47AD-82E2-44A2F63D477F}"
EndProject
Project("{FAE04EC0-301F-11D3-BF4B-00C04F79EFBC}") = "server.core", "server.core\server.core.csproj", "{827A0FF5-A190-49EB-98FD-117408270EC4}"
EndProject
Global
	GlobalSection(SolutionConfigurationPlatforms) = preSolution
		Debug|Any CPU = Debug|Any CPU
		Debug|Mixed Platforms = Debug|Mixed Platforms
		Debug|x86 = Debug|x86
		Release|Any CPU = Release|Any CPU
		Release|Mixed Platforms = Release|Mixed Platforms
		Release|x86 = Release|x86
	EndGlobalSection
	GlobalSection(ProjectConfigurationPlatforms) = postSolution
		{D2FC517D-EFAD-44F0-A872-CA6ADCFB2659}.Debug|Any CPU.ActiveCfg = Debug|Any CPU
		{D2FC517D-EFAD-44F0-A872-CA6ADCFB2659}.Debug|Any CPU.Build.0 = Debug|Any CPU
		{D2FC517D-EFAD-44F0-A872-CA6ADCFB2659}.Debug|Mixed Platforms.ActiveCfg = Debug|Any CPU
		{D2FC517D-EFAD-44F0-A872-CA6ADCFB2659}.Debug|Mixed Platforms.Build.0 = Debug|Any CPU
		{D2FC517D-EFAD-44F0-A872-CA6ADCFB2659}.Debug|x86.ActiveCfg = Debug|Any CPU
		{D2FC517D-EFAD-44F0-A872-CA6ADCFB2659}.Debug|x86.Build.0 = Debug|Any CPU
		{D2FC517D-EFAD-44F0-A872-CA6ADCFB2659}.Release|Any CPU.ActiveCfg = Release|Any CPU
		{D2FC517D-EFAD-44F0-A872-CA6ADCFB2659}.Release|Any CPU.Build.0 = Release|Any CPU
		{D2FC517D-EFAD-44F0-A872-CA6ADCFB2659}.Release|Mixed Platforms.ActiveCfg = Release|Any CPU
		{D2FC517D-EFAD-44F0-A872-CA6ADCFB2659}.Release|Mixed Platforms.Build.0 = Release|Any CPU
		{D2FC517D-EFAD-44F0-A872-CA6ADCFB2659}.Release|x86.ActiveCfg = Release|Any CPU
		{D2FC517D-EFAD-44F0-A872-CA6ADCFB2659}.Release|x86.Build.0 = Release|Any CPU
		{06791203-F8BD-47AD-82E2-44A2F63D477F}.Debug|Any CPU.ActiveCfg = Debug|Any CPU
		{06791203-F8BD-47AD-82E2-44A2F63D477F}.Debug|Any CPU.Build.0 = Debug|Any CPU
		{06791203-F8BD-47AD-82E2-44A2F63D477F}.Debug|Mixed Platforms.ActiveCfg = Debug|Any CPU
		{06791203-F8BD-47AD-82E2-44A2F63D477F}.Debug|Mixed Platforms.Build.0 = Debug|Any CPU
		{06791203-F8BD-47AD-82E2-44A2F63D477F}.Debug|x86.ActiveCfg = Debug|Any CPU
		{06791203-F8BD-47AD-82E2-44A2F63D477F}.Debug|x86.Build.0 = Debug|Any CPU
		{06791203-F8BD-47AD-82E2-44A2F63D477F}.Release|Any CPU.ActiveCfg = Release|Any CPU
		{06791203-F8BD-47AD-82E2-44A2F63D477F}.Release|Any CPU.Build.0 = Release|Any CPU
		{06791203-F8BD-47AD-82E2-44A2F63D477F}.Release|Mixed Platforms.ActiveCfg = Release|Any CPU
		{06791203-F8BD-47AD-82E2-44A2F63D477F}.Release|Mixed Platforms.Build.0 = Release|Any CPU
		{06791203-F8BD-47AD-82E2-44A2F63D477F}.Release|x86.ActiveCfg = Release|Any CPU
		{06791203-F8BD-47AD-82E2-44A2F63D477F}.Release|x86.Build.0 = Release|Any CPU
		{827A0FF5-A190-49EB-98FD-117408270EC4}.Debug|Any CPU.ActiveCfg = Debug|Any CPU
		{827A0FF5-A190-49EB-98FD-117408270EC4}.Debug|Any CPU.Build.0 = Debug|Any CPU
		{827A0FF5-A190-49EB-98FD-117408270EC4}.Debug|Mixed Platforms.ActiveCfg = Debug|Any CPU
		{827A0FF5-A190-49EB-98FD-117408270EC4}.Debug|Mixed Platforms.Build.0 = Debug|Any CPU
		{827A0FF5-A190-49EB-98FD-117408270EC4}.Debug|x86.ActiveCfg = Debug|Any CPU
		{827A0FF5-A190-49EB-98FD-117408270EC4}.Debug|x86.Build.0 = Debug|Any CPU
		{827A0FF5-A190-49EB-98FD-117408270EC4}.Release|Any CPU.ActiveCfg = Release|Any CPU
		{827A0FF5-A190-49EB-98FD-117408270EC4}.Release|Any CPU.Build.0 = Release|Any CPU
		{827A0FF5-A190-49EB-98FD-117408270EC4}.Release|Mixed Platforms.ActiveCfg = Release|Any CPU
		{827A0FF5-A190-49EB-98FD-117408270EC4}.Release|Mixed Platforms.Build.0 = Release|Any CPU
		{827A0FF5-A190-49EB-98FD-117408270EC4}.Release|x86.ActiveCfg = Release|Any CPU
		{827A0FF5-A190-49EB-98FD-117408270EC4}.Release|x86.Build.0 = Release|Any CPU
	EndGlobalSection
	GlobalSection(SolutionProperties) = preSolution
		HideSolutionNode = FALSE
	EndGlobalSection
	GlobalSection(ExtensibilityGlobals) = postSolution
		SolutionGuid = {6E63AF59-D9CA-4FDB-B47E-1D43AA5C763D}
	EndGlobalSection
EndGlobal
